<Solution>
  <Configurations>
    <Platform Name="x64" />
  </Configurations>
  <Project Path="WCtrlDcsBiosBridgeWinUI.csproj">
    <Platform Solution="*|x64" Project="x64" />
  </Project>
  <Project Path="..\DcsBios\WCtrlDcsBiosBridge.DcsBios.csproj" />
  <Project Path="..\libs\WwDevicesDotnet\WW-Devices-Dotnet.csproj" />
  <Project Path="..\libs\A10C-PerfLib\PerformanceLib\a10c-perf-lib.csproj" />
</Solution>
